// !$*UTF8*$!
{
	archiveVersion = 1;
	classes = {
	};
	objectVersion = 77;
	objects = {

/* Begin PBXBuildFile section */
		09A21EA2AB198FE72C78A3B7 /* EchoNetworking in Frameworks */ = {isa = PBXBuildFile; productRef = 08DE8DBC551062F5868E63AF /* EchoNetworking */; };
		1D83FDF40AE78412F34A1A7B /* data-by-group.json in Resources */ = {isa = PBXBuildFile; fileRef = 418078B1CEE715C322178C32 /* data-by-group.json */; };
		1EEBB802A7D097C4C825E718 /* EchoMacOSApp.swift in Sources */ = {isa = PBXBuildFile; fileRef = 130B9D7B4116FD3093818D3E /* EchoMacOSApp.swift */; };
		29091F1085EC948031309172 /* data-by-group.json in Resources */ = {isa = PBXBuildFile; fileRef = 418078B1CEE715C322178C32 /* data-by-group.json */; };
		3F8428D920256316ADD0386D /* EchoDomain in Frameworks */ = {isa = PBXBuildFile; productRef = 9BCE1E7F536AF6B8F1563007 /* EchoDomain */; };
		518FCB60412B6D07D7ED9B0F /* EchoDomain in Frameworks */ = {isa = PBXBuildFile; productRef = 2EB3636B675353871BD78896 /* EchoDomain */; };
		5A6A58A0C4330A8F9CEEAEF7 /* EchoPersistence in Frameworks */ = {isa = PBXBuildFile; productRef = 3811A1D1DDF8B91018A2F3C8 /* EchoPersistence */; };
		6F93B22605F741F0090CC422 /* Assets.xcassets in Resources */ = {isa = PBXBuildFile; fileRef = 3CB3EFBED7CC682448B6B9F3 /* Assets.xcassets */; };
		8059CD531F6D5A15BDA4B94A /* EchoFeatures in Frameworks */ = {isa = PBXBuildFile; productRef = BE1E4BBDD0456FE092D9A869 /* EchoFeatures */; };
		86C52A148B5DABF50AEA4B3B /* EchoFeatures in Frameworks */ = {isa = PBXBuildFile; productRef = 1454F9CA2C76E69A9476A5C4 /* EchoFeatures */; };
		A92D83F873C3A5AE12B8D001 /* EchoPersistence in Frameworks */ = {isa = PBXBuildFile; productRef = 20820A24B07A7F04C4896108 /* EchoPersistence */; };
		AA9EBCAFD41E0D5BF5D3E640 /* EchoNetworking in Frameworks */ = {isa = PBXBuildFile; productRef = F2BC8AFB1C2E8C512E1710E1 /* EchoNetworking */; };
		C77D3F1DE19F5A139E280603 /* Assets.xcassets in Resources */ = {isa = PBXBuildFile; fileRef = 3A75700E0FC547644E4A1388 /* Assets.xcassets */; };
		FFBA57C4D6B375DCDCBEE11F /* EchoiOSApp.swift in Sources */ = {isa = PBXBuildFile; fileRef = 181C4E0BE7BDEDAD95ADA61D /* EchoiOSApp.swift */; };
/* End PBXBuildFile section */

/* Begin PBXFileReference section */
		0A79891E4B962FFD84F0D539 /* EchoiOS.app */ = {isa = PBXFileReference; includeInIndex = 0; lastKnownFileType = wrapper.application; path = EchoiOS.app; sourceTree = BUILT_PRODUCTS_DIR; };
		130B9D7B4116FD3093818D3E /* EchoMacOSApp.swift */ = {isa = PBXFileReference; lastKnownFileType = sourcecode.swift; path = EchoMacOSApp.swift; sourceTree = "<group>"; };
		181C4E0BE7BDEDAD95ADA61D /* EchoiOSApp.swift */ = {isa = PBXFileReference; lastKnownFileType = sourcecode.swift; path = EchoiOSApp.swift; sourceTree = "<group>"; };
		3A75700E0FC547644E4A1388 /* Assets.xcassets */ = {isa = PBXFileReference; lastKnownFileType = folder.assetcatalog; path = Assets.xcassets; sourceTree = "<group>"; };
		3CB3EFBED7CC682448B6B9F3 /* Assets.xcassets */ = {isa = PBXFileReference; lastKnownFileType = folder.assetcatalog; path = Assets.xcassets; sourceTree = "<group>"; };
		418078B1CEE715C322178C32 /* data-by-group.json */ = {isa = PBXFileReference; lastKnownFileType = text.json; path = "data-by-group.json"; sourceTree = "<group>"; };
		7615AEF11554B06DAA1C815C /* EchoMacOS.app */ = {isa = PBXFileReference; explicitFileType = wrapper.application; includeInIndex = 0; path = EchoMacOS.app; sourceTree = BUILT_PRODUCTS_DIR; };
		BDE48D00A4FB6F12C06D6D72 /* apple */ = {isa = PBXFileReference; lastKnownFileType = folder; name = apple; path = .; sourceTree = SOURCE_ROOT; };
/* End PBXFileReference section */

/* Begin PBXFrameworksBuildPhase section */
		10C4B051011A9806AC2B83B0 /* Frameworks */ = {
			isa = PBXFrameworksBuildPhase;
			buildActionMask = 2147483647;
			files = (
				3F8428D920256316ADD0386D /* EchoDomain in Frameworks */,
				AA9EBCAFD41E0D5BF5D3E640 /* EchoNetworking in Frameworks */,
				5A6A58A0C4330A8F9CEEAEF7 /* EchoPersistence in Frameworks */,
				8059CD531F6D5A15BDA4B94A /* EchoFeatures in Frameworks */,
			);
			runOnlyForDeploymentPostprocessing = 0;
		};
		68EAB977297030D64C947F58 /* Frameworks */ = {
			isa = PBXFrameworksBuildPhase;
			buildActionMask = 2147483647;
			files = (
				518FCB60412B6D07D7ED9B0F /* EchoDomain in Frameworks */,
				09A21EA2AB198FE72C78A3B7 /* EchoNetworking in Frameworks */,
				A92D83F873C3A5AE12B8D001 /* EchoPersistence in Frameworks */,
				86C52A148B5DABF50AEA4B3B /* EchoFeatures in Frameworks */,
			);
			runOnlyForDeploymentPostprocessing = 0;
		};
/* End PBXFrameworksBuildPhase section */

/* Begin PBXGroup section */
		0985862F1995BDB75A27D73D /* iOS */ = {
			isa = PBXGroup;
			children = (
				181C4E0BE7BDEDAD95ADA61D /* EchoiOSApp.swift */,
			);
			name = iOS;
			path = Apps/iOS;
			sourceTree = "<group>";
		};
		0C2C80AD1817432F7CFC8391 /* iOS */ = {
			isa = PBXGroup;
			children = (
				3A75700E0FC547644E4A1388 /* Assets.xcassets */,
			);
			name = iOS;
			path = Resources/iOS;
			sourceTree = "<group>";
		};
		4B1813DCDAF1C047C4FEF93B /* Packages */ = {
			isa = PBXGroup;
			children = (
				BDE48D00A4FB6F12C06D6D72 /* apple */,
			);
			name = Packages;
			sourceTree = "<group>";
		};
		4BA856FA5AAB6B8118A42DCC /* macOS */ = {
			isa = PBXGroup;
			children = (
				3CB3EFBED7CC682448B6B9F3 /* Assets.xcassets */,
			);
			name = macOS;
			path = Resources/macOS;
			sourceTree = "<group>";
		};
		9AAC0211ABFCADD757ADAF73 /* macOS */ = {
			isa = PBXGroup;
			children = (
				130B9D7B4116FD3093818D3E /* EchoMacOSApp.swift */,
			);
			name = macOS;
			path = Apps/macOS;
			sourceTree = "<group>";
		};
		A5EA8199922E828F2E4F3DBA /* unicode-emoji-json */ = {
			isa = PBXGroup;
			children = (
				418078B1CEE715C322178C32 /* data-by-group.json */,
			);
			name = "unicode-emoji-json";
			path = "../node_modules/unicode-emoji-json";
			sourceTree = "<group>";
		};
		CDA97F4469E5D0F91500B159 = {
			isa = PBXGroup;
			children = (
				0985862F1995BDB75A27D73D /* iOS */,
				0C2C80AD1817432F7CFC8391 /* iOS */,
				9AAC0211ABFCADD757ADAF73 /* macOS */,
				4BA856FA5AAB6B8118A42DCC /* macOS */,
				4B1813DCDAF1C047C4FEF93B /* Packages */,
				A5EA8199922E828F2E4F3DBA /* unicode-emoji-json */,
				D5BA79D933E2232580A26FEB /* Products */,
			);
			sourceTree = "<group>";
		};
		D5BA79D933E2232580A26FEB /* Products */ = {
			isa = PBXGroup;
			children = (
				0A79891E4B962FFD84F0D539 /* EchoiOS.app */,
				7615AEF11554B06DAA1C815C /* EchoMacOS.app */,
			);
			name = Products;
			sourceTree = "<group>";
		};
/* End PBXGroup section */

/* Begin PBXNativeTarget section */
		006E9D518C9B29112AB37AF7 /* EchoiOS */ = {
			isa = PBXNativeTarget;
			buildConfigurationList = 291845E2E0FC51F73828A016 /* Build configuration list for PBXNativeTarget "EchoiOS" */;
			buildPhases = (
				DE02AE461745576049AF8115 /* Sources */,
				0849274623D4A4D3720F2490 /* Resources */,
				10C4B051011A9806AC2B83B0 /* Frameworks */,
			);
			buildRules = (
			);
			dependencies = (
			);
			name = EchoiOS;
			packageProductDependencies = (
				9BCE1E7F536AF6B8F1563007 /* EchoDomain */,
				F2BC8AFB1C2E8C512E1710E1 /* EchoNetworking */,
				3811A1D1DDF8B91018A2F3C8 /* EchoPersistence */,
				BE1E4BBDD0456FE092D9A869 /* EchoFeatures */,
			);
			productName = EchoiOS;
			productReference = 0A79891E4B962FFD84F0D539 /* EchoiOS.app */;
			productType = "com.apple.product-type.application";
		};
		ADB251A4F1936F0F614E205D /* EchoMacOS */ = {
			isa = PBXNativeTarget;
			buildConfigurationList = B305ED4F6982C8FF24086B4F /* Build configuration list for PBXNativeTarget "EchoMacOS" */;
			buildPhases = (
				CE57CEF82BE8BADDC8310582 /* Sources */,
				784074602AB70F31621B2AB3 /* Resources */,
				68EAB977297030D64C947F58 /* Frameworks */,
			);
			buildRules = (
			);
			dependencies = (
			);
			name = EchoMacOS;
			packageProductDependencies = (
				2EB3636B675353871BD78896 /* EchoDomain */,
				08DE8DBC551062F5868E63AF /* EchoNetworking */,
				20820A24B07A7F04C4896108 /* EchoPersistence */,
				1454F9CA2C76E69A9476A5C4 /* EchoFeatures */,
			);
			productName = EchoMacOS;
			productReference = 7615AEF11554B06DAA1C815C /* EchoMacOS.app */;
			productType = "com.apple.product-type.application";
		};
/* End PBXNativeTarget section */

/* Begin PBXProject section */
		5151F367C0E885731008FD4F /* Project object */ = {
			isa = PBXProject;
			attributes = {
				BuildIndependentTargetsInParallel = YES;
				LastUpgradeCheck = 1430;
				TargetAttributes = {
					006E9D518C9B29112AB37AF7 = {
						DevelopmentTeam = 7HBQV8236H;
						ProvisioningStyle = Automatic;
					};
					ADB251A4F1936F0F614E205D = {
						DevelopmentTeam = 7HBQV8236H;
						ProvisioningStyle = Automatic;
					};
				};
			};
			buildConfigurationList = E6AAF388974EEDCCB0D0600C /* Build configuration list for PBXProject "EchoApple" */;
			developmentRegion = en;
			hasScannedForEncodings = 0;
			knownRegions = (
				Base,
				en,
			);
			mainGroup = CDA97F4469E5D0F91500B159;
			minimizedProjectReferenceProxies = 1;
			packageReferences = (
				F2C342EC372A62D07F3FA520 /* XCLocalSwiftPackageReference "." */,
			);
			preferredProjectObjectVersion = 77;
			productRefGroup = D5BA79D933E2232580A26FEB /* Products */;
			projectDirPath = "";
			projectRoot = "";
			targets = (
				ADB251A4F1936F0F614E205D /* EchoMacOS */,
				006E9D518C9B29112AB37AF7 /* EchoiOS */,
			);
		};
/* End PBXProject section */

/* Begin PBXResourcesBuildPhase section */
		0849274623D4A4D3720F2490 /* Resources */ = {
			isa = PBXResourcesBuildPhase;
			buildActionMask = 2147483647;
			files = (
				C77D3F1DE19F5A139E280603 /* Assets.xcassets in Resources */,
				29091F1085EC948031309172 /* data-by-group.json in Resources */,
			);
			runOnlyForDeploymentPostprocessing = 0;
		};
		784074602AB70F31621B2AB3 /* Resources */ = {
			isa = PBXResourcesBuildPhase;
			buildActionMask = 2147483647;
			files = (
				6F93B22605F741F0090CC422 /* Assets.xcassets in Resources */,
				1D83FDF40AE78412F34A1A7B /* data-by-group.json in Resources */,
			);
			runOnlyForDeploymentPostprocessing = 0;
		};
/* End PBXResourcesBuildPhase section */

/* Begin PBXSourcesBuildPhase section */
		CE57CEF82BE8BADDC8310582 /* Sources */ = {
			isa = PBXSourcesBuildPhase;
			buildActionMask = 2147483647;
			files = (
				1EEBB802A7D097C4C825E718 /* EchoMacOSApp.swift in Sources */,
			);
			runOnlyForDeploymentPostprocessing = 0;
		};
		DE02AE461745576049AF8115 /* Sources */ = {
			isa = PBXSourcesBuildPhase;
			buildActionMask = 2147483647;
			files = (
				FFBA57C4D6B375DCDCBEE11F /* EchoiOSApp.swift in Sources */,
			);
			runOnlyForDeploymentPostprocessing = 0;
		};
/* End PBXSourcesBuildPhase section */

/* Begin XCBuildConfiguration section */
		61D2837C787A618E7FC4FEC4 /* Debug */ = {
			isa = XCBuildConfiguration;
			buildSettings = {
				APS_ENVIRONMENT = development;
				ASSETCATALOG_COMPILER_APPICON_NAME = AppIcon;
				CODE_SIGN_ENTITLEMENTS = Resources/iOS/EchoiOS.entitlements;
				CODE_SIGN_IDENTITY = "iPhone Developer";
				ECHO_API_BASE_URL = "http://localhost:3000";
				INFOPLIST_FILE = Resources/iOS/Info.plist;
				LD_RUNPATH_SEARCH_PATHS = (
					"$(inherited)",
					"@executable_path/Frameworks",
				);
				PRODUCT_BUNDLE_IDENTIFIER = com.echo.ios;
				SDKROOT = iphoneos;
				TARGETED_DEVICE_FAMILY = "1,2";
			};
			name = Debug;
		};
		6E45DDA691F2C77542500DDF /* Debug */ = {
			isa = XCBuildConfiguration;
			buildSettings = {
				APS_ENVIRONMENT = development;
				ASSETCATALOG_COMPILER_APPICON_NAME = AppIcon;
				CODE_SIGN_ENTITLEMENTS = Resources/macOS/EchoMacOS.entitlements;
				COMBINE_HIDPI_IMAGES = YES;
				ECHO_API_BASE_URL = "http://localhost:3000";
				INFOPLIST_FILE = Resources/macOS/Info.plist;
				LD_RUNPATH_SEARCH_PATHS = (
					"$(inherited)",
					"@executable_path/../Frameworks",
				);
				PRODUCT_BUNDLE_IDENTIFIER = com.echo.macos;
				SDKROOT = macosx;
			};
			name = Debug;
		};
		D627086159368A339D441413 /* Release */ = {
			isa = XCBuildConfiguration;
			buildSettings = {
				ALWAYS_SEARCH_USER_PATHS = NO;
				CLANG_ANALYZER_NONNULL = YES;
				CLANG_ANALYZER_NUMBER_OBJECT_CONVERSION = YES_AGGRESSIVE;
				CLANG_CXX_LANGUAGE_STANDARD = "gnu++14";
				CLANG_CXX_LIBRARY = "libc++";
				CLANG_ENABLE_MODULES = YES;
				CLANG_ENABLE_OBJC_ARC = YES;
				CLANG_ENABLE_OBJC_WEAK = YES;
				CLANG_WARN_BLOCK_CAPTURE_AUTORELEASING = YES;
				CLANG_WARN_BOOL_CONVERSION = YES;
				CLANG_WARN_COMMA = YES;
				CLANG_WARN_CONSTANT_CONVERSION = YES;
				CLANG_WARN_DEPRECATED_OBJC_IMPLEMENTATIONS = YES;
				CLANG_WARN_DIRECT_OBJC_ISA_USAGE = YES_ERROR;
				CLANG_WARN_DOCUMENTATION_COMMENTS = YES;
				CLANG_WARN_EMPTY_BODY = YES;
				CLANG_WARN_ENUM_CONVERSION = YES;
				CLANG_WARN_INFINITE_RECURSION = YES;
				CLANG_WARN_INT_CONVERSION = YES;
				CLANG_WARN_NON_LITERAL_NULL_CONVERSION = YES;
				CLANG_WARN_OBJC_IMPLICIT_RETAIN_SELF = YES;
				CLANG_WARN_OBJC_LITERAL_CONVERSION = YES;
				CLANG_WARN_OBJC_ROOT_CLASS = YES_ERROR;
				CLANG_WARN_QUOTED_INCLUDE_IN_FRAMEWORK_HEADER = YES;
				CLANG_WARN_RANGE_LOOP_ANALYSIS = YES;
				CLANG_WARN_STRICT_PROTOTYPES = YES;
				CLANG_WARN_SUSPICIOUS_MOVE = YES;
				CLANG_WARN_UNGUARDED_AVAILABILITY = YES_AGGRESSIVE;
				CLANG_WARN_UNREACHABLE_CODE = YES;
				CLANG_WARN__DUPLICATE_METHOD_MATCH = YES;
				CODE_SIGN_STYLE = Automatic;
				COPY_PHASE_STRIP = NO;
				CURRENT_PROJECT_VERSION = 2;
				DEBUG_INFORMATION_FORMAT = "dwarf-with-dsym";
				DEVELOPMENT_TEAM = 7HBQV8236H;
				ENABLE_NS_ASSERTIONS = NO;
				ENABLE_STRICT_OBJC_MSGSEND = YES;
				GCC_C_LANGUAGE_STANDARD = gnu11;
				GCC_NO_COMMON_BLOCKS = YES;
				GCC_WARN_64_TO_32_BIT_CONVERSION = YES;
				GCC_WARN_ABOUT_RETURN_TYPE = YES_ERROR;
				GCC_WARN_UNDECLARED_SELECTOR = YES;
				GCC_WARN_UNINITIALIZED_AUTOS = YES_AGGRESSIVE;
				GCC_WARN_UNUSED_FUNCTION = YES;
				GCC_WARN_UNUSED_VARIABLE = YES;
				IPHONEOS_DEPLOYMENT_TARGET = 17.0;
				MACOSX_DEPLOYMENT_TARGET = 14.0;
				MARKETING_VERSION = 0.1.1;
				MTL_ENABLE_DEBUG_INFO = NO;
				MTL_FAST_MATH = YES;
				PRODUCT_NAME = Echo;
				SWIFT_COMPILATION_MODE = wholemodule;
				SWIFT_OPTIMIZATION_LEVEL = "-O";
				SWIFT_VERSION = 6.0;
			};
			name = Release;
		};
		E53E19F6E1E2FB3EE16EF59C /* Release */ = {
			isa = XCBuildConfiguration;
			buildSettings = {
				APS_ENVIRONMENT = production;
				ASSETCATALOG_COMPILER_APPICON_NAME = AppIcon;
				CODE_SIGN_ENTITLEMENTS = Resources/iOS/EchoiOS.entitlements;
				CODE_SIGN_IDENTITY = "iPhone Developer";
				ECHO_API_BASE_URL = "https://chat-echo.com";
				INFOPLIST_FILE = Resources/iOS/Info.plist;
				LD_RUNPATH_SEARCH_PATHS = (
					"$(inherited)",
					"@executable_path/Frameworks",
				);
				PRODUCT_BUNDLE_IDENTIFIER = com.echo.ios;
				SDKROOT = iphoneos;
				TARGETED_DEVICE_FAMILY = "1,2";
			};
			name = Release;
		};
		F03B3FD214FA2F51CAA403F7 /* Debug */ = {
			isa = XCBuildConfiguration;
			buildSettings = {
				ALWAYS_SEARCH_USER_PATHS = NO;
				CLANG_ANALYZER_NONNULL = YES;
				CLANG_ANALYZER_NUMBER_OBJECT_CONVERSION = YES_AGGRESSIVE;
				CLANG_CXX_LANGUAGE_STANDARD = "gnu++14";
				CLANG_CXX_LIBRARY = "libc++";
				CLANG_ENABLE_MODULES = YES;
				CLANG_ENABLE_OBJC_ARC = YES;
				CLANG_ENABLE_OBJC_WEAK = YES;
				CLANG_WARN_BLOCK_CAPTURE_AUTORELEASING = YES;
				CLANG_WARN_BOOL_CONVERSION = YES;
				CLANG_WARN_COMMA = YES;
				CLANG_WARN_CONSTANT_CONVERSION = YES;
				CLANG_WARN_DEPRECATED_OBJC_IMPLEMENTATIONS = YES;
				CLANG_WARN_DIRECT_OBJC_ISA_USAGE = YES_ERROR;
				CLANG_WARN_DOCUMENTATION_COMMENTS = YES;
				CLANG_WARN_EMPTY_BODY = YES;
				CLANG_WARN_ENUM_CONVERSION = YES;
				CLANG_WARN_INFINITE_RECURSION = YES;
				CLANG_WARN_INT_CONVERSION = YES;
				CLANG_WARN_NON_LITERAL_NULL_CONVERSION = YES;
				CLANG_WARN_OBJC_IMPLICIT_RETAIN_SELF = YES;
				CLANG_WARN_OBJC_LITERAL_CONVERSION = YES;
				CLANG_WARN_OBJC_ROOT_CLASS = YES_ERROR;
				CLANG_WARN_QUOTED_INCLUDE_IN_FRAMEWORK_HEADER = YES;
				CLANG_WARN_RANGE_LOOP_ANALYSIS = YES;
				CLANG_WARN_STRICT_PROTOTYPES = YES;
				CLANG_WARN_SUSPICIOUS_MOVE = YES;
				CLANG_WARN_UNGUARDED_AVAILABILITY = YES_AGGRESSIVE;
				CLANG_WARN_UNREACHABLE_CODE = YES;
				CLANG_WARN__DUPLICATE_METHOD_MATCH = YES;
				CODE_SIGN_STYLE = Automatic;
				COPY_PHASE_STRIP = NO;
				CURRENT_PROJECT_VERSION = 2;
				DEBUG_INFORMATION_FORMAT = dwarf;
				DEVELOPMENT_TEAM = 7HBQV8236H;
				ENABLE_STRICT_OBJC_MSGSEND = YES;
				ENABLE_TESTABILITY = YES;
				GCC_C_LANGUAGE_STANDARD = gnu11;
				GCC_DYNAMIC_NO_PIC = NO;
				GCC_NO_COMMON_BLOCKS = YES;
				GCC_OPTIMIZATION_LEVEL = 0;
				GCC_PREPROCESSOR_DEFINITIONS = (
					"$(inherited)",
					"DEBUG=1",
				);
				GCC_WARN_64_TO_32_BIT_CONVERSION = YES;
				GCC_WARN_ABOUT_RETURN_TYPE = YES_ERROR;
				GCC_WARN_UNDECLARED_SELECTOR = YES;
				GCC_WARN_UNINITIALIZED_AUTOS = YES_AGGRESSIVE;
				GCC_WARN_UNUSED_FUNCTION = YES;
				GCC_WARN_UNUSED_VARIABLE = YES;
				IPHONEOS_DEPLOYMENT_TARGET = 17.0;
				MACOSX_DEPLOYMENT_TARGET = 14.0;
				MARKETING_VERSION = 0.1.1;
				MTL_ENABLE_DEBUG_INFO = INCLUDE_SOURCE;
				MTL_FAST_MATH = YES;
				ONLY_ACTIVE_ARCH = YES;
				PRODUCT_NAME = Echo;
				SWIFT_ACTIVE_COMPILATION_CONDITIONS = DEBUG;
				SWIFT_OPTIMIZATION_LEVEL = "-Onone";
				SWIFT_VERSION = 6.0;
			};
			name = Debug;
		};
		F56F6FEEA7EB3539DC3E75D5 /* Release */ = {
			isa = XCBuildConfiguration;
			buildSettings = {
				APS_ENVIRONMENT = production;
				ASSETCATALOG_COMPILER_APPICON_NAME = AppIcon;
				CODE_SIGN_ENTITLEMENTS = Resources/macOS/EchoMacOS.entitlements;
				COMBINE_HIDPI_IMAGES = YES;
				ECHO_API_BASE_URL = "https://chat-echo.com";
				INFOPLIST_FILE = Resources/macOS/Info.plist;
				LD_RUNPATH_SEARCH_PATHS = (
					"$(inherited)",
					"@executable_path/../Frameworks",
				);
				PRODUCT_BUNDLE_IDENTIFIER = com.echo.macos;
				SDKROOT = macosx;
			};
			name = Release;
		};
/* End XCBuildConfiguration section */

/* Begin XCConfigurationList section */
		291845E2E0FC51F73828A016 /* Build configuration list for PBXNativeTarget "EchoiOS" */ = {
			isa = XCConfigurationList;
			buildConfigurations = (
				61D2837C787A618E7FC4FEC4 /* Debug */,
				E53E19F6E1E2FB3EE16EF59C /* Release */,
			);
			defaultConfigurationIsVisible = 0;
			defaultConfigurationName = Debug;
		};
		B305ED4F6982C8FF24086B4F /* Build configuration list for PBXNativeTarget "EchoMacOS" */ = {
			isa = XCConfigurationList;
			buildConfigurations = (
				6E45DDA691F2C77542500DDF /* Debug */,
				F56F6FEEA7EB3539DC3E75D5 /* Release */,
			);
			defaultConfigurationIsVisible = 0;
			defaultConfigurationName = Debug;
		};
		E6AAF388974EEDCCB0D0600C /* Build configuration list for PBXProject "EchoApple" */ = {
			isa = XCConfigurationList;
			buildConfigurations = (
				F03B3FD214FA2F51CAA403F7 /* Debug */,
				D627086159368A339D441413 /* Release */,
			);
			defaultConfigurationIsVisible = 0;
			defaultConfigurationName = Debug;
		};
/* End XCConfigurationList section */

/* Begin XCLocalSwiftPackageReference section */
		F2C342EC372A62D07F3FA520 /* XCLocalSwiftPackageReference "." */ = {
			isa = XCLocalSwiftPackageReference;
			relativePath = .;
		};
/* End XCLocalSwiftPackageReference section */

/* Begin XCSwiftPackageProductDependency section */
		08DE8DBC551062F5868E63AF /* EchoNetworking */ = {
			isa = XCSwiftPackageProductDependency;
			productName = EchoNetworking;
		};
		1454F9CA2C76E69A9476A5C4 /* EchoFeatures */ = {
			isa = XCSwiftPackageProductDependency;
			productName = EchoFeatures;
		};
		20820A24B07A7F04C4896108 /* EchoPersistence */ = {
			isa = XCSwiftPackageProductDependency;
			productName = EchoPersistence;
		};
		2EB3636B675353871BD78896 /* EchoDomain */ = {
			isa = XCSwiftPackageProductDependency;
			productName = EchoDomain;
		};
		3811A1D1DDF8B91018A2F3C8 /* EchoPersistence */ = {
			isa = XCSwiftPackageProductDependency;
			productName = EchoPersistence;
		};
		9BCE1E7F536AF6B8F1563007 /* EchoDomain */ = {
			isa = XCSwiftPackageProductDependency;
			productName = EchoDomain;
		};
		BE1E4BBDD0456FE092D9A869 /* EchoFeatures */ = {
			isa = XCSwiftPackageProductDependency;
			productName = EchoFeatures;
		};
		F2BC8AFB1C2E8C512E1710E1 /* EchoNetworking */ = {
			isa = XCSwiftPackageProductDependency;
			productName = EchoNetworking;
		};
/* End XCSwiftPackageProductDependency section */
	};
	rootObject = 5151F367C0E885731008FD4F /* Project object */;
}
